
Microsoft Visual Studio Solution File, Format Version 12.00
# Visual Studio Version 16
VisualStudioVersion = 16.0.30804.86
MinimumVisualStudioVersion = 10.0.40219.1
Project("{9A19103F-16F7-4668-BE54-9A1E7A4F7556}") = "Hahn.ApplicatonProcess.December2020.Web", "Hahn.ApplicatonProcess.December2020.Web\Hahn.ApplicatonProcess.December2020.Web.csproj", "{C94181F3-6935-4432-865F-683D55419B21}"
EndProject
Project("{9A19103F-16F7-4668-BE54-9A1E7A4F7556}") = "Hahn.ApplicatonProcess.December2020.Domain", "Hahn.ApplicatonProcess.December2020.Domain\Hahn.ApplicatonProcess.December2020.Domain.csproj", "{9315EC12-910C-4A75-80C7-B9BC66E605B3}"
EndProject
Project("{9A19103F-16F7-4668-BE54-9A1E7A4F7556}") = "Hahn.ApplicatonProcess.December2020.Data", "Hahn.ApplicatonProcess.December2020.Data\Hahn.ApplicatonProcess.December2020.Data.csproj", "{5C6CC7BC-4F96-458E-8BFB-987D49358D0B}"
EndProject
Project("{E24C65DC-7377-472B-9ABA-BC803B73C61A}") = "Hahn.ApplicationProcess.FrontEnd", "Hahn.ApplicationProcess.FrontEnd\", "{5D7DD19F-7FDA-4445-9238-50E05455BB70}"
	ProjectSection(WebsiteProperties) = preProject
		TargetFrameworkMoniker = ".NETFramework,Version%3Dv4.0"
		Debug.AspNetCompiler.VirtualPath = "/localhost_54632"
		Debug.AspNetCompiler.PhysicalPath = "Hahn.ApplicationProcess.FrontEnd\"
		Debug.AspNetCompiler.TargetPath = "PrecompiledWeb\localhost_54632\"
		Debug.AspNetCompiler.Updateable = "true"
		Debug.AspNetCompiler.ForceOverwrite = "true"
		Debug.AspNetCompiler.FixedNames = "false"
		Debug.AspNetCompiler.Debug = "True"
		Release.AspNetCompiler.VirtualPath = "/localhost_54632"
		Release.AspNetCompiler.PhysicalPath = "Hahn.ApplicationProcess.FrontEnd\"
		Release.AspNetCompiler.TargetPath = "PrecompiledWeb\localhost_54632\"
		Release.AspNetCompiler.Updateable = "true"
		Release.AspNetCompiler.ForceOverwrite = "true"
		Release.AspNetCompiler.FixedNames = "false"
		Release.AspNetCompiler.Debug = "False"
		VWDPort = "54632"
		SlnRelativePath = "Hahn.ApplicationProcess.FrontEnd\"
	EndProjectSection
EndProject
Global
	GlobalSection(SolutionConfigurationPlatforms) = preSolution
		Debug|Any CPU = Debug|Any CPU
		Release|Any CPU = Release|Any CPU
	EndGlobalSection
	GlobalSection(ProjectConfigurationPlatforms) = postSolution
		{C94181F3-6935-4432-865F-683D55419B21}.Debug|Any CPU.ActiveCfg = Debug|Any CPU
		{C94181F3-6935-4432-865F-683D55419B21}.Debug|Any CPU.Build.0 = Debug|Any CPU
		{C94181F3-6935-4432-865F-683D55419B21}.Release|Any CPU.ActiveCfg = Release|Any CPU
		{C94181F3-6935-4432-865F-683D55419B21}.Release|Any CPU.Build.0 = Release|Any CPU
		{9315EC12-910C-4A75-80C7-B9BC66E605B3}.Debug|Any CPU.ActiveCfg = Debug|Any CPU
		{9315EC12-910C-4A75-80C7-B9BC66E605B3}.Debug|Any CPU.Build.0 = Debug|Any CPU
		{9315EC12-910C-4A75-80C7-B9BC66E605B3}.Release|Any CPU.ActiveCfg = Release|Any CPU
		{9315EC12-910C-4A75-80C7-B9BC66E605B3}.Release|Any CPU.Build.0 = Release|Any CPU
		{5C6CC7BC-4F96-458E-8BFB-987D49358D0B}.Debug|Any CPU.ActiveCfg = Debug|Any CPU
		{5C6CC7BC-4F96-458E-8BFB-987D49358D0B}.Debug|Any CPU.Build.0 = Debug|Any CPU
		{5C6CC7BC-4F96-458E-8BFB-987D49358D0B}.Release|Any CPU.ActiveCfg = Release|Any CPU
		{5C6CC7BC-4F96-458E-8BFB-987D49358D0B}.Release|Any CPU.Build.0 = Release|Any CPU
		{5D7DD19F-7FDA-4445-9238-50E05455BB70}.Debug|Any CPU.ActiveCfg = Debug|Any CPU
		{5D7DD19F-7FDA-4445-9238-50E05455BB70}.Debug|Any CPU.Build.0 = Debug|Any CPU
		{5D7DD19F-7FDA-4445-9238-50E05455BB70}.Release|Any CPU.ActiveCfg = Debug|Any CPU
		{5D7DD19F-7FDA-4445-9238-50E05455BB70}.Release|Any CPU.Build.0 = Debug|Any CPU
	EndGlobalSection
	GlobalSection(SolutionProperties) = preSolution
		HideSolutionNode = FALSE
	EndGlobalSection
	GlobalSection(ExtensibilityGlobals) = postSolution
		SolutionGuid = {363C1DAC-86CA-4DFD-B854-5079D4DC2C98}
	EndGlobalSection
EndGlobal
